# THIS IS AN AUTOGENERATED FILE. DO NOT EDIT THIS FILE DIRECTLY.
# yarn lockfile v1


memes-api@1.0.3:
  version "1.0.3"
  resolved "https://registry.yarnpkg.com/memes-api/-/memes-api-1.0.3.tgz#085335476c5cfdbe2f4cca66925fad290c0d891a"
  integrity sha512-poeT85rEY0FY3ReqblAQFuceUjloIN2hNJo5uA8o1NIc81RCApe6d0ose4J5w3Mr8xrbuM2XYhkrZRtY9RD+CQ==
